
Microsoft Visual Studio Solution File, Format Version 12.00
Project("{FAE04EC0-301F-11D3-BF4B-00C04F79EFBC}") = "SanitizerSharp", "SanitizerSharp\SanitizerSharp.csproj", "{B36B5A5B-B1DF-4235-BB2B-00A0F8F19BD7}"
EndProject
Project("{FAE04EC0-301F-11D3-BF4B-00C04F79EFBC}") = "SanitizerSharp.Test", "SanitizerSharp.Test\SanitizerSharp.Test.csproj", "{56EBB27C-A65B-4BC2-8A5D-6823BCCC488E}"
EndProject
Global
	GlobalSection(SolutionConfigurationPlatforms) = preSolution
		Debug|Any CPU = Debug|Any CPU
		Release|Any CPU = Release|Any CPU
	EndGlobalSection
	GlobalSection(ProjectConfigurationPlatforms) = postSolution
		{B36B5A5B-B1DF-4235-BB2B-00A0F8F19BD7}.Debug|Any CPU.ActiveCfg = Debug|Any CPU
		{B36B5A5B-B1DF-4235-BB2B-00A0F8F19BD7}.Debug|Any CPU.Build.0 = Debug|Any CPU
		{B36B5A5B-B1DF-4235-BB2B-00A0F8F19BD7}.Release|Any CPU.ActiveCfg = Release|Any CPU
		{B36B5A5B-B1DF-4235-BB2B-00A0F8F19BD7}.Release|Any CPU.Build.0 = Release|Any CPU
		{56EBB27C-A65B-4BC2-8A5D-6823BCCC488E}.Debug|Any CPU.ActiveCfg = Debug|Any CPU
		{56EBB27C-A65B-4BC2-8A5D-6823BCCC488E}.Debug|Any CPU.Build.0 = Debug|Any CPU
		{56EBB27C-A65B-4BC2-8A5D-6823BCCC488E}.Release|Any CPU.ActiveCfg = Release|Any CPU
		{56EBB27C-A65B-4BC2-8A5D-6823BCCC488E}.Release|Any CPU.Build.0 = Release|Any CPU
	EndGlobalSection
EndGlobal
